// !$*UTF8*$!
{
	archiveVersion = 1;
	classes = {
	};
	objectVersion = 55;
	objects = {

/* Begin PBXBuildFile section */
		38137B4A288D8727007B6D64 /* iAssetApp.swift in Sources */ = {isa = PBXBuildFile; fileRef = 38137B49288D8727007B6D64 /* iAssetApp.swift */; };
		38137B4C288D8727007B6D64 /* ContentView.swift in Sources */ = {isa = PBXBuildFile; fileRef = 38137B4B288D8727007B6D64 /* ContentView.swift */; };
		38137B4E288D8728007B6D64 /* Assets.xcassets in Resources */ = {isa = PBXBuildFile; fileRef = 38137B4D288D8728007B6D64 /* Assets.xcassets */; };
		38137B51288D8728007B6D64 /* Preview Assets.xcassets in Resources */ = {isa = PBXBuildFile; fileRef = 38137B50288D8728007B6D64 /* Preview Assets.xcassets */; };
		38137B5A288D8794007B6D64 /* AssetModel.xcdatamodeld in Sources */ = {isa = PBXBuildFile; fileRef = 38137B58288D8794007B6D64 /* AssetModel.xcdatamodeld */; };
		38137B5C288D8837007B6D64 /* DataController.swift in Sources */ = {isa = PBXBuildFile; fileRef = 38137B5B288D8837007B6D64 /* DataController.swift */; };
		38137B60288D8B50007B6D64 /* AddAssetView.swift in Sources */ = {isa = PBXBuildFile; fileRef = 38137B5F288D8B50007B6D64 /* AddAssetView.swift */; };
		38137B62288D8E06007B6D64 /* TimeFormatting.swift in Sources */ = {isa = PBXBuildFile; fileRef = 38137B61288D8E06007B6D64 /* TimeFormatting.swift */; };
		38137B64288D9E3F007B6D64 /* EditAssetView.swift in Sources */ = {isa = PBXBuildFile; fileRef = 38137B63288D9E3F007B6D64 /* EditAssetView.swift */; };
		38137B68289059BC007B6D64 /* TabViewPage.swift in Sources */ = {isa = PBXBuildFile; fileRef = 38137B67289059BC007B6D64 /* TabViewPage.swift */; };
		38137B6C28905B87007B6D64 /* ContentView2.swift in Sources */ = {isa = PBXBuildFile; fileRef = 38137B6B28905B87007B6D64 /* ContentView2.swift */; };
		38137B6E28905B93007B6D64 /* ContentView3.swift in Sources */ = {isa = PBXBuildFile; fileRef = 38137B6D28905B93007B6D64 /* ContentView3.swift */; };
		38137B7328924EB3007B6D64 /* DataController2.swift in Sources */ = {isa = PBXBuildFile; fileRef = 38137B7228924EB3007B6D64 /* DataController2.swift */; };
		38137B7528925168007B6D64 /* AddIncomeView.swift in Sources */ = {isa = PBXBuildFile; fileRef = 38137B7428925168007B6D64 /* AddIncomeView.swift */; };
		38137B782892C59D007B6D64 /* ImagePicker.swift in Sources */ = {isa = PBXBuildFile; fileRef = 38137B772892C59D007B6D64 /* ImagePicker.swift */; };
		38137B7C2892C63A007B6D64 /* ImageDataModel.swift in Sources */ = {isa = PBXBuildFile; fileRef = 38137B7B2892C63A007B6D64 /* ImageDataModel.swift */; };
		38137B802892C69B007B6D64 /* HomeView.swift in Sources */ = {isa = PBXBuildFile; fileRef = 38137B7F2892C69B007B6D64 /* HomeView.swift */; };
		38137B822892C6A6007B6D64 /* NoteDetailView.swift in Sources */ = {isa = PBXBuildFile; fileRef = 38137B812892C6A6007B6D64 /* NoteDetailView.swift */; };
		38137B862893666B007B6D64 /* DesignView.swift in Sources */ = {isa = PBXBuildFile; fileRef = 38137B852893666B007B6D64 /* DesignView.swift */; };
/* End PBXBuildFile section */

/* Begin PBXFileReference section */
		38137B46288D8727007B6D64 /* iAsset.app */ = {isa = PBXFileReference; explicitFileType = wrapper.application; includeInIndex = 0; path = iAsset.app; sourceTree = BUILT_PRODUCTS_DIR; };
		38137B49288D8727007B6D64 /* iAssetApp.swift */ = {isa = PBXFileReference; lastKnownFileType = sourcecode.swift; path = iAssetApp.swift; sourceTree = "<group>"; };
		38137B4B288D8727007B6D64 /* ContentView.swift */ = {isa = PBXFileReference; lastKnownFileType = sourcecode.swift; path = ContentView.swift; sourceTree = "<group>"; };
		38137B4D288D8728007B6D64 /* Assets.xcassets */ = {isa = PBXFileReference; lastKnownFileType = folder.assetcatalog; path = Assets.xcassets; sourceTree = "<group>"; };
		38137B50288D8728007B6D64 /* Preview Assets.xcassets */ = {isa = PBXFileReference; lastKnownFileType = folder.assetcatalog; path = "Preview Assets.xcassets"; sourceTree = "<group>"; };
		38137B59288D8794007B6D64 /* AssetModel.xcdatamodel */ = {isa = PBXFileReference; lastKnownFileType = wrapper.xcdatamodel; path = AssetModel.xcdatamodel; sourceTree = "<group>"; };
		38137B5B288D8837007B6D64 /* DataController.swift */ = {isa = PBXFileReference; lastKnownFileType = sourcecode.swift; path = DataController.swift; sourceTree = "<group>"; };
		38137B5F288D8B50007B6D64 /* AddAssetView.swift */ = {isa = PBXFileReference; lastKnownFileType = sourcecode.swift; path = AddAssetView.swift; sourceTree = "<group>"; };
		38137B61288D8E06007B6D64 /* TimeFormatting.swift */ = {isa = PBXFileReference; lastKnownFileType = sourcecode.swift; path = TimeFormatting.swift; sourceTree = "<group>"; };
		38137B63288D9E3F007B6D64 /* EditAssetView.swift */ = {isa = PBXFileReference; lastKnownFileType = sourcecode.swift; path = EditAssetView.swift; sourceTree = "<group>"; };
		38137B67289059BC007B6D64 /* TabViewPage.swift */ = {isa = PBXFileReference; lastKnownFileType = sourcecode.swift; path = TabViewPage.swift; sourceTree = "<group>"; };
		38137B6B28905B87007B6D64 /* ContentView2.swift */ = {isa = PBXFileReference; lastKnownFileType = sourcecode.swift; path = ContentView2.swift; sourceTree = "<group>"; };
		38137B6D28905B93007B6D64 /* ContentView3.swift */ = {isa = PBXFileReference; lastKnownFileType = sourcecode.swift; path = ContentView3.swift; sourceTree = "<group>"; };
		38137B7228924EB3007B6D64 /* DataController2.swift */ = {isa = PBXFileReference; lastKnownFileType = sourcecode.swift; path = DataController2.swift; sourceTree = "<group>"; };
		38137B7428925168007B6D64 /* AddIncomeView.swift */ = {isa = PBXFileReference; lastKnownFileType = sourcecode.swift; path = AddIncomeView.swift; sourceTree = "<group>"; };
		38137B772892C59D007B6D64 /* ImagePicker.swift */ = {isa = PBXFileReference; lastKnownFileType = sourcecode.swift; path = ImagePicker.swift; sourceTree = "<group>"; };
		38137B7B2892C63A007B6D64 /* ImageDataModel.swift */ = {isa = PBXFileReference; lastKnownFileType = sourcecode.swift; path = ImageDataModel.swift; sourceTree = "<group>"; };
		38137B7F2892C69B007B6D64 /* HomeView.swift */ = {isa = PBXFileReference; lastKnownFileType = sourcecode.swift; path = HomeView.swift; sourceTree = "<group>"; };
		38137B812892C6A6007B6D64 /* NoteDetailView.swift */ = {isa = PBXFileReference; lastKnownFileType = sourcecode.swift; path = NoteDetailView.swift; sourceTree = "<group>"; };
		38137B852893666B007B6D64 /* DesignView.swift */ = {isa = PBXFileReference; lastKnownFileType = sourcecode.swift; path = DesignView.swift; sourceTree = "<group>"; };
/* End PBXFileReference section */

/* Begin PBXFrameworksBuildPhase section */
		38137B43288D8727007B6D64 /* Frameworks */ = {
			isa = PBXFrameworksBuildPhase;
			buildActionMask = 2147483647;
			files = (
			);
			runOnlyForDeploymentPostprocessing = 0;
		};
/* End PBXFrameworksBuildPhase section */

/* Begin PBXGroup section */
		38137B3D288D8727007B6D64 = {
			isa = PBXGroup;
			children = (
				38137B48288D8727007B6D64 /* iAsset */,
				38137B47288D8727007B6D64 /* Products */,
			);
			sourceTree = "<group>";
		};
		38137B47288D8727007B6D64 /* Products */ = {
			isa = PBXGroup;
			children = (
				38137B46288D8727007B6D64 /* iAsset.app */,
			);
			name = Products;
			sourceTree = "<group>";
		};
		38137B48288D8727007B6D64 /* iAsset */ = {
			isa = PBXGroup;
			children = (
				38137B49288D8727007B6D64 /* iAssetApp.swift */,
				38137B5E288D8B22007B6D64 /* Helpers */,
				38137B6F28919D3E007B6D64 /* ViewsAsset */,
				38137B7028919D61007B6D64 /* ViewsIncome */,
				38137B7128919D73007B6D64 /* ViewsOutcome */,
				38137B5D288D8B16007B6D64 /* Views */,
				38137B762892C584007B6D64 /* ImagePickerFeature */,
				38137B792892C618007B6D64 /* ImageData */,
				38137B57288D8772007B6D64 /* DataModel */,
				38137B4D288D8728007B6D64 /* Assets.xcassets */,
				38137B4F288D8728007B6D64 /* Preview Content */,
			);
			path = iAsset;
			sourceTree = "<group>";
		};
		38137B4F288D8728007B6D64 /* Preview Content */ = {
			isa = PBXGroup;
			children = (
				38137B50288D8728007B6D64 /* Preview Assets.xcassets */,
			);
			path = "Preview Content";
			sourceTree = "<group>";
		};
		38137B57288D8772007B6D64 /* DataModel */ = {
			isa = PBXGroup;
			children = (
				38137B58288D8794007B6D64 /* AssetModel.xcdatamodeld */,
				38137B5B288D8837007B6D64 /* DataController.swift */,
				38137B7228924EB3007B6D64 /* DataController2.swift */,
			);
			path = DataModel;
			sourceTree = "<group>";
		};
		38137B5D288D8B16007B6D64 /* Views */ = {
			isa = PBXGroup;
			children = (
				38137B67289059BC007B6D64 /* TabViewPage.swift */,
			);
			path = Views;
			sourceTree = "<group>";
		};
		38137B5E288D8B22007B6D64 /* Helpers */ = {
			isa = PBXGroup;
			children = (
				38137B61288D8E06007B6D64 /* TimeFormatting.swift */,
			);
			path = Helpers;
			sourceTree = "<group>";
		};
		38137B6F28919D3E007B6D64 /* ViewsAsset */ = {
			isa = PBXGroup;
			children = (
				38137B4B288D8727007B6D64 /* ContentView.swift */,
				38137B5F288D8B50007B6D64 /* AddAssetView.swift */,
				38137B63288D9E3F007B6D64 /* EditAssetView.swift */,
			);
			path = ViewsAsset;
			sourceTree = "<group>";
		};
		38137B7028919D61007B6D64 /* ViewsIncome */ = {
			isa = PBXGroup;
			children = (
				38137B6B28905B87007B6D64 /* ContentView2.swift */,
				38137B852893666B007B6D64 /* DesignView.swift */,
				38137B7428925168007B6D64 /* AddIncomeView.swift */,
			);
			path = ViewsIncome;
			sourceTree = "<group>";
		};
		38137B7128919D73007B6D64 /* ViewsOutcome */ = {
			isa = PBXGroup;
			children = (
				38137B6D28905B93007B6D64 /* ContentView3.swift */,
				38137B7F2892C69B007B6D64 /* HomeView.swift */,
				38137B812892C6A6007B6D64 /* NoteDetailView.swift */,
			);
			path = ViewsOutcome;
			sourceTree = "<group>";
		};
		38137B762892C584007B6D64 /* ImagePickerFeature */ = {
			isa = PBXGroup;
			children = (
				38137B772892C59D007B6D64 /* ImagePicker.swift */,
			);
			path = ImagePickerFeature;
			sourceTree = "<group>";
		};
		38137B792892C618007B6D64 /* ImageData */ = {
			isa = PBXGroup;
			children = (
				38137B7A2892C624007B6D64 /* Model */,
			);
			path = ImageData;
			sourceTree = "<group>";
		};
		38137B7A2892C624007B6D64 /* Model */ = {
			isa = PBXGroup;
			children = (
				38137B7B2892C63A007B6D64 /* ImageDataModel.swift */,
			);
			path = Model;
			sourceTree = "<group>";
		};
/* End PBXGroup section */

/* Begin PBXNativeTarget section */
		38137B45288D8727007B6D64 /* iAsset */ = {
			isa = PBXNativeTarget;
			buildConfigurationList = 38137B54288D8728007B6D64 /* Build configuration list for PBXNativeTarget "iAsset" */;
			buildPhases = (
				38137B42288D8727007B6D64 /* Sources */,
				38137B43288D8727007B6D64 /* Frameworks */,
				38137B44288D8727007B6D64 /* Resources */,
			);
			buildRules = (
			);
			dependencies = (
			);
			name = iAsset;
			productName = iAsset;
			productReference = 38137B46288D8727007B6D64 /* iAsset.app */;
			productType = "com.apple.product-type.application";
		};
/* End PBXNativeTarget section */

/* Begin PBXProject section */
		38137B3E288D8727007B6D64 /* Project object */ = {
			isa = PBXProject;
			attributes = {
				BuildIndependentTargetsInParallel = 1;
				LastSwiftUpdateCheck = 1340;
				LastUpgradeCheck = 1340;
				TargetAttributes = {
					38137B45288D8727007B6D64 = {
						CreatedOnToolsVersion = 13.4.1;
					};
				};
			};
			buildConfigurationList = 38137B41288D8727007B6D64 /* Build configuration list for PBXProject "iAsset" */;
			compatibilityVersion = "Xcode 13.0";
			developmentRegion = en;
			hasScannedForEncodings = 0;
			knownRegions = (
				en,
				Base,
			);
			mainGroup = 38137B3D288D8727007B6D64;
			productRefGroup = 38137B47288D8727007B6D64 /* Products */;
			projectDirPath = "";
			projectRoot = "";
			targets = (
				38137B45288D8727007B6D64 /* iAsset */,
			);
		};
/* End PBXProject section */

/* Begin PBXResourcesBuildPhase section */
		38137B44288D8727007B6D64 /* Resources */ = {
			isa = PBXResourcesBuildPhase;
			buildActionMask = 2147483647;
			files = (
				38137B51288D8728007B6D64 /* Preview Assets.xcassets in Resources */,
				38137B4E288D8728007B6D64 /* Assets.xcassets in Resources */,
			);
			runOnlyForDeploymentPostprocessing = 0;
		};
/* End PBXResourcesBuildPhase section */

/* Begin PBXSourcesBuildPhase section */
		38137B42288D8727007B6D64 /* Sources */ = {
			isa = PBXSourcesBuildPhase;
			buildActionMask = 2147483647;
			files = (
				38137B782892C59D007B6D64 /* ImagePicker.swift in Sources */,
				38137B60288D8B50007B6D64 /* AddAssetView.swift in Sources */,
				38137B4C288D8727007B6D64 /* ContentView.swift in Sources */,
				38137B822892C6A6007B6D64 /* NoteDetailView.swift in Sources */,
				38137B802892C69B007B6D64 /* HomeView.swift in Sources */,
				38137B68289059BC007B6D64 /* TabViewPage.swift in Sources */,
				38137B5C288D8837007B6D64 /* DataController.swift in Sources */,
				38137B862893666B007B6D64 /* DesignView.swift in Sources */,
				38137B4A288D8727007B6D64 /* iAssetApp.swift in Sources */,
				38137B64288D9E3F007B6D64 /* EditAssetView.swift in Sources */,
				38137B6C28905B87007B6D64 /* ContentView2.swift in Sources */,
				38137B5A288D8794007B6D64 /* AssetModel.xcdatamodeld in Sources */,
				38137B7C2892C63A007B6D64 /* ImageDataModel.swift in Sources */,
				38137B6E28905B93007B6D64 /* ContentView3.swift in Sources */,
				38137B7528925168007B6D64 /* AddIncomeView.swift in Sources */,
				38137B62288D8E06007B6D64 /* TimeFormatting.swift in Sources */,
				38137B7328924EB3007B6D64 /* DataController2.swift in Sources */,
			);
			runOnlyForDeploymentPostprocessing = 0;
		};
/* End PBXSourcesBuildPhase section */

/* Begin XCBuildConfiguration section */
		38137B52288D8728007B6D64 /* Debug */ = {
			isa = XCBuildConfiguration;
			buildSettings = {
				ALWAYS_SEARCH_USER_PATHS = NO;
				CLANG_ANALYZER_NONNULL = YES;
				CLANG_ANALYZER_NUMBER_OBJECT_CONVERSION = YES_AGGRESSIVE;
				CLANG_CXX_LANGUAGE_STANDARD = "gnu++17";
				CLANG_ENABLE_MODULES = YES;
				CLANG_ENABLE_OBJC_ARC = YES;
				CLANG_ENABLE_OBJC_WEAK = YES;
				CLANG_WARN_BLOCK_CAPTURE_AUTORELEASING = YES;
				CLANG_WARN_BOOL_CONVERSION = YES;
				CLANG_WARN_COMMA = YES;
				CLANG_WARN_CONSTANT_CONVERSION = YES;
				CLANG_WARN_DEPRECATED_OBJC_IMPLEMENTATIONS = YES;
				CLANG_WARN_DIRECT_OBJC_ISA_USAGE = YES_ERROR;
				CLANG_WARN_DOCUMENTATION_COMMENTS = YES;
				CLANG_WARN_EMPTY_BODY = YES;
				CLANG_WARN_ENUM_CONVERSION = YES;
				CLANG_WARN_INFINITE_RECURSION = YES;
				CLANG_WARN_INT_CONVERSION = YES;
				CLANG_WARN_NON_LITERAL_NULL_CONVERSION = YES;
				CLANG_WARN_OBJC_IMPLICIT_RETAIN_SELF = YES;
				CLANG_WARN_OBJC_LITERAL_CONVERSION = YES;
				CLANG_WARN_OBJC_ROOT_CLASS = YES_ERROR;
				CLANG_WARN_QUOTED_INCLUDE_IN_FRAMEWORK_HEADER = YES;
				CLANG_WARN_RANGE_LOOP_ANALYSIS = YES;
				CLANG_WARN_STRICT_PROTOTYPES = YES;
				CLANG_WARN_SUSPICIOUS_MOVE = YES;
				CLANG_WARN_UNGUARDED_AVAILABILITY = YES_AGGRESSIVE;
				CLANG_WARN_UNREACHABLE_CODE = YES;
				CLANG_WARN__DUPLICATE_METHOD_MATCH = YES;
				COPY_PHASE_STRIP = NO;
				DEBUG_INFORMATION_FORMAT = dwarf;
				ENABLE_STRICT_OBJC_MSGSEND = YES;
				ENABLE_TESTABILITY = YES;
				GCC_C_LANGUAGE_STANDARD = gnu11;
				GCC_DYNAMIC_NO_PIC = NO;
				GCC_NO_COMMON_BLOCKS = YES;
				GCC_OPTIMIZATION_LEVEL = 0;
				GCC_PREPROCESSOR_DEFINITIONS = (
					"DEBUG=1",
					"$(inherited)",
				);
				GCC_WARN_64_TO_32_BIT_CONVERSION = YES;
				GCC_WARN_ABOUT_RETURN_TYPE = YES_ERROR;
				GCC_WARN_UNDECLARED_SELECTOR = YES;
				GCC_WARN_UNINITIALIZED_AUTOS = YES_AGGRESSIVE;
				GCC_WARN_UNUSED_FUNCTION = YES;
				GCC_WARN_UNUSED_VARIABLE = YES;
				IPHONEOS_DEPLOYMENT_TARGET = 15.5;
				MTL_ENABLE_DEBUG_INFO = INCLUDE_SOURCE;
				MTL_FAST_MATH = YES;
				ONLY_ACTIVE_ARCH = YES;
				SDKROOT = iphoneos;
				SWIFT_ACTIVE_COMPILATION_CONDITIONS = DEBUG;
				SWIFT_OPTIMIZATION_LEVEL = "-Onone";
			};
			name = Debug;
		};
		38137B53288D8728007B6D64 /* Release */ = {
			isa = XCBuildConfiguration;
			buildSettings = {
				ALWAYS_SEARCH_USER_PATHS = NO;
				CLANG_ANALYZER_NONNULL = YES;
				CLANG_ANALYZER_NUMBER_OBJECT_CONVERSION = YES_AGGRESSIVE;
				CLANG_CXX_LANGUAGE_STANDARD = "gnu++17";
				CLANG_ENABLE_MODULES = YES;
				CLANG_ENABLE_OBJC_ARC = YES;
				CLANG_ENABLE_OBJC_WEAK = YES;
				CLANG_WARN_BLOCK_CAPTURE_AUTORELEASING = YES;
				CLANG_WARN_BOOL_CONVERSION = YES;
				CLANG_WARN_COMMA = YES;
				CLANG_WARN_CONSTANT_CONVERSION = YES;
				CLANG_WARN_DEPRECATED_OBJC_IMPLEMENTATIONS = YES;
				CLANG_WARN_DIRECT_OBJC_ISA_USAGE = YES_ERROR;
				CLANG_WARN_DOCUMENTATION_COMMENTS = YES;
				CLANG_WARN_EMPTY_BODY = YES;
				CLANG_WARN_ENUM_CONVERSION = YES;
				CLANG_WARN_INFINITE_RECURSION = YES;
				CLANG_WARN_INT_CONVERSION = YES;
				CLANG_WARN_NON_LITERAL_NULL_CONVERSION = YES;
				CLANG_WARN_OBJC_IMPLICIT_RETAIN_SELF = YES;
				CLANG_WARN_OBJC_LITERAL_CONVERSION = YES;
				CLANG_WARN_OBJC_ROOT_CLASS = YES_ERROR;
				CLANG_WARN_QUOTED_INCLUDE_IN_FRAMEWORK_HEADER = YES;
				CLANG_WARN_RANGE_LOOP_ANALYSIS = YES;
				CLANG_WARN_STRICT_PROTOTYPES = YES;
				CLANG_WARN_SUSPICIOUS_MOVE = YES;
				CLANG_WARN_UNGUARDED_AVAILABILITY = YES_AGGRESSIVE;
				CLANG_WARN_UNREACHABLE_CODE = YES;
				CLANG_WARN__DUPLICATE_METHOD_MATCH = YES;
				COPY_PHASE_STRIP = NO;
				DEBUG_INFORMATION_FORMAT = "dwarf-with-dsym";
				ENABLE_NS_ASSERTIONS = NO;
				ENABLE_STRICT_OBJC_MSGSEND = YES;
				GCC_C_LANGUAGE_STANDARD = gnu11;
				GCC_NO_COMMON_BLOCKS = YES;
				GCC_WARN_64_TO_32_BIT_CONVERSION = YES;
				GCC_WARN_ABOUT_RETURN_TYPE = YES_ERROR;
				GCC_WARN_UNDECLARED_SELECTOR = YES;
				GCC_WARN_UNINITIALIZED_AUTOS = YES_AGGRESSIVE;
				GCC_WARN_UNUSED_FUNCTION = YES;
				GCC_WARN_UNUSED_VARIABLE = YES;
				IPHONEOS_DEPLOYMENT_TARGET = 15.5;
				MTL_ENABLE_DEBUG_INFO = NO;
				MTL_FAST_MATH = YES;
				SDKROOT = iphoneos;
				SWIFT_COMPILATION_MODE = wholemodule;
				SWIFT_OPTIMIZATION_LEVEL = "-O";
				VALIDATE_PRODUCT = YES;
			};
			name = Release;
		};
		38137B55288D8728007B6D64 /* Debug */ = {
			isa = XCBuildConfiguration;
			buildSettings = {
				ASSETCATALOG_COMPILER_APPICON_NAME = "AppIcon-1";
				ASSETCATALOG_COMPILER_GLOBAL_ACCENT_COLOR_NAME = AccentColor;
				ASSETCATALOG_COMPILER_INCLUDE_ALL_APPICON_ASSETS = YES;
				CODE_SIGN_STYLE = Automatic;
				CURRENT_PROJECT_VERSION = 1;
				DEVELOPMENT_ASSET_PATHS = "\"iAsset/Preview Content\"";
				ENABLE_PREVIEWS = YES;
				GENERATE_INFOPLIST_FILE = YES;
				INFOPLIST_KEY_UIApplicationSceneManifest_Generation = YES;
				INFOPLIST_KEY_UIApplicationSupportsIndirectInputEvents = YES;
				INFOPLIST_KEY_UILaunchScreen_Generation = YES;
				INFOPLIST_KEY_UISupportedInterfaceOrientations_iPad = "UIInterfaceOrientationPortrait UIInterfaceOrientationPortraitUpsideDown UIInterfaceOrientationLandscapeLeft UIInterfaceOrientationLandscapeRight";
				INFOPLIST_KEY_UISupportedInterfaceOrientations_iPhone = "UIInterfaceOrientationPortrait UIInterfaceOrientationLandscapeLeft UIInterfaceOrientationLandscapeRight";
				LD_RUNPATH_SEARCH_PATHS = (
					"$(inherited)",
					"@executable_path/Frameworks",
				);
				MARKETING_VERSION = 1.0;
				PRODUCT_BUNDLE_IDENTIFIER = com.myorganization.iAsset;
				PRODUCT_NAME = "$(TARGET_NAME)";
				SWIFT_EMIT_LOC_STRINGS = YES;
				SWIFT_VERSION = 5.0;
				TARGETED_DEVICE_FAMILY = "1,2";
			};
			name = Debug;
		};
		38137B56288D8728007B6D64 /* Release */ = {
			isa = XCBuildConfiguration;
			buildSettings = {
				ASSETCATALOG_COMPILER_APPICON_NAME = "AppIcon-1";
				ASSETCATALOG_COMPILER_GLOBAL_ACCENT_COLOR_NAME = AccentColor;
				ASSETCATALOG_COMPILER_INCLUDE_ALL_APPICON_ASSETS = YES;
				CODE_SIGN_STYLE = Automatic;
				CURRENT_PROJECT_VERSION = 1;
				DEVELOPMENT_ASSET_PATHS = "\"iAsset/Preview Content\"";
				ENABLE_PREVIEWS = YES;
				GENERATE_INFOPLIST_FILE = YES;
				INFOPLIST_KEY_UIApplicationSceneManifest_Generation = YES;
				INFOPLIST_KEY_UIApplicationSupportsIndirectInputEvents = YES;
				INFOPLIST_KEY_UILaunchScreen_Generation = YES;
				INFOPLIST_KEY_UISupportedInterfaceOrientations_iPad = "UIInterfaceOrientationPortrait UIInterfaceOrientationPortraitUpsideDown UIInterfaceOrientationLandscapeLeft UIInterfaceOrientationLandscapeRight";
				INFOPLIST_KEY_UISupportedInterfaceOrientations_iPhone = "UIInterfaceOrientationPortrait UIInterfaceOrientationLandscapeLeft UIInterfaceOrientationLandscapeRight";
				LD_RUNPATH_SEARCH_PATHS = (
					"$(inherited)",
					"@executable_path/Frameworks",
				);
				MARKETING_VERSION = 1.0;
				PRODUCT_BUNDLE_IDENTIFIER = com.myorganization.iAsset;
				PRODUCT_NAME = "$(TARGET_NAME)";
				SWIFT_EMIT_LOC_STRINGS = YES;
				SWIFT_VERSION = 5.0;
				TARGETED_DEVICE_FAMILY = "1,2";
			};
			name = Release;
		};
/* End XCBuildConfiguration section */

/* Begin XCConfigurationList section */
		38137B41288D8727007B6D64 /* Build configuration list for PBXProject "iAsset" */ = {
			isa = XCConfigurationList;
			buildConfigurations = (
				38137B52288D8728007B6D64 /* Debug */,
				38137B53288D8728007B6D64 /* Release */,
			);
			defaultConfigurationIsVisible = 0;
			defaultConfigurationName = Release;
		};
		38137B54288D8728007B6D64 /* Build configuration list for PBXNativeTarget "iAsset" */ = {
			isa = XCConfigurationList;
			buildConfigurations = (
				38137B55288D8728007B6D64 /* Debug */,
				38137B56288D8728007B6D64 /* Release */,
			);
			defaultConfigurationIsVisible = 0;
			defaultConfigurationName = Release;
		};
/* End XCConfigurationList section */

/* Begin XCVersionGroup section */
		38137B58288D8794007B6D64 /* AssetModel.xcdatamodeld */ = {
			isa = XCVersionGroup;
			children = (
				38137B59288D8794007B6D64 /* AssetModel.xcdatamodel */,
			);
			currentVersion = 38137B59288D8794007B6D64 /* AssetModel.xcdatamodel */;
			path = AssetModel.xcdatamodeld;
			sourceTree = "<group>";
			versionGroupType = wrapper.xcdatamodel;
		};
/* End XCVersionGroup section */
	};
	rootObject = 38137B3E288D8727007B6D64 /* Project object */;
}
